
Microsoft Visual Studio Solution File, Format Version 12.00
# Visual Studio Version 17
VisualStudioVersion = 17.4.33103.184
MinimumVisualStudioVersion = 10.0.40219.1
Project("{FAE04EC0-301F-11D3-BF4B-00C04F79EFBC}") = "SocialNetworkServer", "SocialNetworkServer.csproj", "{3D114194-9D4F-4825-88E5-27D4D5B43878}"
EndProject
Global
	GlobalSection(SolutionConfigurationPlatforms) = preSolution
		Debug|Any CPU = Debug|Any CPU
		Release|Any CPU = Release|Any CPU
	EndGlobalSection
	GlobalSection(ProjectConfigurationPlatforms) = postSolution
		{3D114194-9D4F-4825-88E5-27D4D5B43878}.Debug|Any CPU.ActiveCfg = Debug|Any CPU
		{3D114194-9D4F-4825-88E5-27D4D5B43878}.Debug|Any CPU.Build.0 = Debug|Any CPU
		{3D114194-9D4F-4825-88E5-27D4D5B43878}.Release|Any CPU.ActiveCfg = Release|Any CPU
		{3D114194-9D4F-4825-88E5-27D4D5B43878}.Release|Any CPU.Build.0 = Release|Any CPU
	EndGlobalSection
	GlobalSection(SolutionProperties) = preSolution
		HideSolutionNode = FALSE
	EndGlobalSection
	GlobalSection(ExtensibilityGlobals) = postSolution
		SolutionGuid = {7DA6F250-A61F-4E64-A781-4A63FAE29FAE}
	EndGlobalSection
EndGlobal
